
Microsoft Visual Studio Solution File, Format Version 12.00
# Visual Studio Express 2012 for Windows Desktop
Project("{8BC9CEB8-8B4A-11D0-8D11-00A0C91BC942}") = "20180914Hello", "20180914Hello\20180914Hello.vcxproj", "{90BB0105-8DD5-4453-B229-ECCE8AD279E5}"
EndProject
Project("{8BC9CEB8-8B4A-11D0-8D11-00A0C91BC942}") = "20180914Start", "20180914Start\20180914Start.vcxproj", "{390C7FB8-6017-462F-91FB-20534C5628FE}"
EndProject
Project("{8BC9CEB8-8B4A-11D0-8D11-00A0C91BC942}") = "20180921", "20180921\20180921.vcxproj", "{E1ECD27F-7ABF-42ED-BEF1-64F57299DC8E}"
EndProject
Project("{8BC9CEB8-8B4A-11D0-8D11-00A0C91BC942}") = "20180921Homework1", "20180921Homework1\20180921Homework1.vcxproj", "{147CEDB5-DDCF-4063-8FD4-51290A397973}"
EndProject
Project("{8BC9CEB8-8B4A-11D0-8D11-00A0C91BC942}") = "20181005", "20181005\20181005.vcxproj", "{441EC807-F95F-42BF-8E75-64328AACB811}"
EndProject
Project("{8BC9CEB8-8B4A-11D0-8D11-00A0C91BC942}") = "20181005연결리스트", "20181005연결리스트\20181005연결리스트.vcxproj", "{4C4EA35D-33C6-4B7E-B9AD-2F4EE1E3E55A}"
EndProject
Project("{8BC9CEB8-8B4A-11D0-8D11-00A0C91BC942}") = "20181019Cthread", "20181019Cthread\20181019Cthread.vcxproj", "{30147780-C76B-4F60-A3DC-767DDA8BE1A0}"
EndProject
Project("{8BC9CEB8-8B4A-11D0-8D11-00A0C91BC942}") = "20181019CThread2", "20181019CThread2\20181019CThread2.vcxproj", "{92EA340B-00EE-4122-B6ED-4E8BDC17BC85}"
EndProject
Project("{8BC9CEB8-8B4A-11D0-8D11-00A0C91BC942}") = "20181019함수포인터", "20181019함수포인터\20181019함수포인터.vcxproj", "{86D74065-F204-401A-B9BE-DB9422F8F430}"
EndProject
Project("{8BC9CEB8-8B4A-11D0-8D11-00A0C91BC942}") = "20181026", "20181026\20181026.vcxproj", "{895F6AF4-EFD3-4F51-8F58-20E75CBA2A25}"
EndProject
Project("{8BC9CEB8-8B4A-11D0-8D11-00A0C91BC942}") = "20181116Deadlock", "20181116Deadlock\20181116Deadlock.vcxproj", "{4EA1EF39-9E35-43A9-A2DE-15B2C4C93EAE}"
EndProject
Project("{8BC9CEB8-8B4A-11D0-8D11-00A0C91BC942}") = "20181116Mutex", "20181116Mutex\20181116Mutex.vcxproj", "{ECA85273-E3D2-440D-9E4D-56A54634F9D1}"
EndProject
Project("{8BC9CEB8-8B4A-11D0-8D11-00A0C91BC942}") = "20181116Semaphore", "20181116Semaphore\20181116Semaphore.vcxproj", "{9D75405F-9141-4A6C-89F3-552B15421C65}"
EndProject
Project("{8BC9CEB8-8B4A-11D0-8D11-00A0C91BC942}") = "20181123스레드제어", "20181123스레드제어\20181123스레드제어.vcxproj", "{1B55C1AD-4DEC-4EEC-A204-501341A3B904}"
EndProject
Project("{8BC9CEB8-8B4A-11D0-8D11-00A0C91BC942}") = "20181123StandardFileIO", "20181123StandardFileIO\20181123StandardFileIO.vcxproj", "{0A0B8EE5-510C-4EF3-9110-E7C3ED78FEE3}"
EndProject
Project("{8BC9CEB8-8B4A-11D0-8D11-00A0C91BC942}") = "20181123String", "20181123String\20181123String.vcxproj", "{7967913A-022C-40D4-9996-DCBD6AE9DD4A}"
EndProject
Project("{8BC9CEB8-8B4A-11D0-8D11-00A0C91BC942}") = "20181123LibraryAPI", "20181123LibraryAPI\20181123LibraryAPI.vcxproj", "{FCE13054-74A1-45E0-9BB3-2F0902FD6BF3}"
EndProject
Project("{8BC9CEB8-8B4A-11D0-8D11-00A0C91BC942}") = "20181123win", "20181123win\20181123win.vcxproj", "{FFB44B6B-354C-4707-ACE6-DBF6F3DF162A}"
EndProject
Project("{8BC9CEB8-8B4A-11D0-8D11-00A0C91BC942}") = "20181130", "20181130\20181130.vcxproj", "{5F4E55E8-ADAE-4C2F-95B3-C89593868C50}"
EndProject
Project("{8BC9CEB8-8B4A-11D0-8D11-00A0C91BC942}") = "20181130iobyapc", "20181130iobyapc\20181130iobyapc.vcxproj", "{E9E5CB37-D713-4DCC-90F9-DC234709E71A}"
EndProject
Project("{8BC9CEB8-8B4A-11D0-8D11-00A0C91BC942}") = "20181130iobyevent", "20181130iobyevent\20181130iobyevent.vcxproj", "{41322836-102E-4835-9582-16C3BF228CC3}"
EndProject
Project("{8BC9CEB8-8B4A-11D0-8D11-00A0C91BC942}") = "20181130iobyfile", "20181130iobyfile\20181130iobyfile.vcxproj", "{9946F375-E062-4C4D-A7BF-2E613FD3364E}"
EndProject
Project("{8BC9CEB8-8B4A-11D0-8D11-00A0C91BC942}") = "20181207iobyapc", "20181207iobyapc\20181207iobyapc.vcxproj", "{EE17BA64-2B46-4722-A214-97350527DB09}"
EndProject
Project("{8BC9CEB8-8B4A-11D0-8D11-00A0C91BC942}") = "20181214ehcosrv", "20181214ehcosrv\20181214ehcosrv.vcxproj", "{9EE9DB1E-8E38-4049-97C9-3171D966C795}"
EndProject
Project("{8BC9CEB8-8B4A-11D0-8D11-00A0C91BC942}") = "20181214수업", "20181214수업\20181214수업.vcxproj", "{5FB9E339-5D70-4510-9C08-F1E5D0C2BE15}"
EndProject
Global
	GlobalSection(SolutionConfigurationPlatforms) = preSolution
		Debug|Win32 = Debug|Win32
		Release|Win32 = Release|Win32
	EndGlobalSection
	GlobalSection(ProjectConfigurationPlatforms) = postSolution
		{90BB0105-8DD5-4453-B229-ECCE8AD279E5}.Debug|Win32.ActiveCfg = Debug|Win32
		{90BB0105-8DD5-4453-B229-ECCE8AD279E5}.Debug|Win32.Build.0 = Debug|Win32
		{90BB0105-8DD5-4453-B229-ECCE8AD279E5}.Release|Win32.ActiveCfg = Release|Win32
		{90BB0105-8DD5-4453-B229-ECCE8AD279E5}.Release|Win32.Build.0 = Release|Win32
		{390C7FB8-6017-462F-91FB-20534C5628FE}.Debug|Win32.ActiveCfg = Debug|Win32
		{390C7FB8-6017-462F-91FB-20534C5628FE}.Debug|Win32.Build.0 = Debug|Win32
		{390C7FB8-6017-462F-91FB-20534C5628FE}.Release|Win32.ActiveCfg = Release|Win32
		{390C7FB8-6017-462F-91FB-20534C5628FE}.Release|Win32.Build.0 = Release|Win32
		{E1ECD27F-7ABF-42ED-BEF1-64F57299DC8E}.Debug|Win32.ActiveCfg = Debug|Win32
		{E1ECD27F-7ABF-42ED-BEF1-64F57299DC8E}.Debug|Win32.Build.0 = Debug|Win32
		{E1ECD27F-7ABF-42ED-BEF1-64F57299DC8E}.Release|Win32.ActiveCfg = Release|Win32
		{E1ECD27F-7ABF-42ED-BEF1-64F57299DC8E}.Release|Win32.Build.0 = Release|Win32
		{147CEDB5-DDCF-4063-8FD4-51290A397973}.Debug|Win32.ActiveCfg = Debug|Win32
		{147CEDB5-DDCF-4063-8FD4-51290A397973}.Debug|Win32.Build.0 = Debug|Win32
		{147CEDB5-DDCF-4063-8FD4-51290A397973}.Release|Win32.ActiveCfg = Release|Win32
		{147CEDB5-DDCF-4063-8FD4-51290A397973}.Release|Win32.Build.0 = Release|Win32
		{441EC807-F95F-42BF-8E75-64328AACB811}.Debug|Win32.ActiveCfg = Debug|Win32
		{441EC807-F95F-42BF-8E75-64328AACB811}.Debug|Win32.Build.0 = Debug|Win32
		{441EC807-F95F-42BF-8E75-64328AACB811}.Release|Win32.ActiveCfg = Release|Win32
		{441EC807-F95F-42BF-8E75-64328AACB811}.Release|Win32.Build.0 = Release|Win32
		{4C4EA35D-33C6-4B7E-B9AD-2F4EE1E3E55A}.Debug|Win32.ActiveCfg = Debug|Win32
		{4C4EA35D-33C6-4B7E-B9AD-2F4EE1E3E55A}.Debug|Win32.Build.0 = Debug|Win32
		{4C4EA35D-33C6-4B7E-B9AD-2F4EE1E3E55A}.Release|Win32.ActiveCfg = Release|Win32
		{4C4EA35D-33C6-4B7E-B9AD-2F4EE1E3E55A}.Release|Win32.Build.0 = Release|Win32
		{30147780-C76B-4F60-A3DC-767DDA8BE1A0}.Debug|Win32.ActiveCfg = Debug|Win32
		{30147780-C76B-4F60-A3DC-767DDA8BE1A0}.Debug|Win32.Build.0 = Debug|Win32
		{30147780-C76B-4F60-A3DC-767DDA8BE1A0}.Release|Win32.ActiveCfg = Release|Win32
		{30147780-C76B-4F60-A3DC-767DDA8BE1A0}.Release|Win32.Build.0 = Release|Win32
		{92EA340B-00EE-4122-B6ED-4E8BDC17BC85}.Debug|Win32.ActiveCfg = Debug|Win32
		{92EA340B-00EE-4122-B6ED-4E8BDC17BC85}.Debug|Win32.Build.0 = Debug|Win32
		{92EA340B-00EE-4122-B6ED-4E8BDC17BC85}.Release|Win32.ActiveCfg = Release|Win32
		{92EA340B-00EE-4122-B6ED-4E8BDC17BC85}.Release|Win32.Build.0 = Release|Win32
		{86D74065-F204-401A-B9BE-DB9422F8F430}.Debug|Win32.ActiveCfg = Debug|Win32
		{86D74065-F204-401A-B9BE-DB9422F8F430}.Debug|Win32.Build.0 = Debug|Win32
		{86D74065-F204-401A-B9BE-DB9422F8F430}.Release|Win32.ActiveCfg = Release|Win32
		{86D74065-F204-401A-B9BE-DB9422F8F430}.Release|Win32.Build.0 = Release|Win32
		{895F6AF4-EFD3-4F51-8F58-20E75CBA2A25}.Debug|Win32.ActiveCfg = Debug|Win32
		{895F6AF4-EFD3-4F51-8F58-20E75CBA2A25}.Debug|Win32.Build.0 = Debug|Win32
		{895F6AF4-EFD3-4F51-8F58-20E75CBA2A25}.Release|Win32.ActiveCfg = Release|Win32
		{895F6AF4-EFD3-4F51-8F58-20E75CBA2A25}.Release|Win32.Build.0 = Release|Win32
		{4EA1EF39-9E35-43A9-A2DE-15B2C4C93EAE}.Debug|Win32.ActiveCfg = Debug|Win32
		{4EA1EF39-9E35-43A9-A2DE-15B2C4C93EAE}.Debug|Win32.Build.0 = Debug|Win32
		{4EA1EF39-9E35-43A9-A2DE-15B2C4C93EAE}.Release|Win32.ActiveCfg = Release|Win32
		{4EA1EF39-9E35-43A9-A2DE-15B2C4C93EAE}.Release|Win32.Build.0 = Release|Win32
		{ECA85273-E3D2-440D-9E4D-56A54634F9D1}.Debug|Win32.ActiveCfg = Debug|Win32
		{ECA85273-E3D2-440D-9E4D-56A54634F9D1}.Debug|Win32.Build.0 = Debug|Win32
		{ECA85273-E3D2-440D-9E4D-56A54634F9D1}.Release|Win32.ActiveCfg = Release|Win32
		{ECA85273-E3D2-440D-9E4D-56A54634F9D1}.Release|Win32.Build.0 = Release|Win32
		{9D75405F-9141-4A6C-89F3-552B15421C65}.Debug|Win32.ActiveCfg = Debug|Win32
		{9D75405F-9141-4A6C-89F3-552B15421C65}.Debug|Win32.Build.0 = Debug|Win32
		{9D75405F-9141-4A6C-89F3-552B15421C65}.Release|Win32.ActiveCfg = Release|Win32
		{9D75405F-9141-4A6C-89F3-552B15421C65}.Release|Win32.Build.0 = Release|Win32
		{1B55C1AD-4DEC-4EEC-A204-501341A3B904}.Debug|Win32.ActiveCfg = Debug|Win32
		{1B55C1AD-4DEC-4EEC-A204-501341A3B904}.Debug|Win32.Build.0 = Debug|Win32
		{1B55C1AD-4DEC-4EEC-A204-501341A3B904}.Release|Win32.ActiveCfg = Release|Win32
		{1B55C1AD-4DEC-4EEC-A204-501341A3B904}.Release|Win32.Build.0 = Release|Win32
		{0A0B8EE5-510C-4EF3-9110-E7C3ED78FEE3}.Debug|Win32.ActiveCfg = Debug|Win32
		{0A0B8EE5-510C-4EF3-9110-E7C3ED78FEE3}.Debug|Win32.Build.0 = Debug|Win32
		{0A0B8EE5-510C-4EF3-9110-E7C3ED78FEE3}.Release|Win32.ActiveCfg = Release|Win32
		{0A0B8EE5-510C-4EF3-9110-E7C3ED78FEE3}.Release|Win32.Build.0 = Release|Win32
		{7967913A-022C-40D4-9996-DCBD6AE9DD4A}.Debug|Win32.ActiveCfg = Debug|Win32
		{7967913A-022C-40D4-9996-DCBD6AE9DD4A}.Debug|Win32.Build.0 = Debug|Win32
		{7967913A-022C-40D4-9996-DCBD6AE9DD4A}.Release|Win32.ActiveCfg = Release|Win32
		{7967913A-022C-40D4-9996-DCBD6AE9DD4A}.Release|Win32.Build.0 = Release|Win32
		{FCE13054-74A1-45E0-9BB3-2F0902FD6BF3}.Debug|Win32.ActiveCfg = Debug|Win32
		{FCE13054-74A1-45E0-9BB3-2F0902FD6BF3}.Debug|Win32.Build.0 = Debug|Win32
		{FCE13054-74A1-45E0-9BB3-2F0902FD6BF3}.Release|Win32.ActiveCfg = Release|Win32
		{FCE13054-74A1-45E0-9BB3-2F0902FD6BF3}.Release|Win32.Build.0 = Release|Win32
		{FFB44B6B-354C-4707-ACE6-DBF6F3DF162A}.Debug|Win32.ActiveCfg = Debug|Win32
		{FFB44B6B-354C-4707-ACE6-DBF6F3DF162A}.Debug|Win32.Build.0 = Debug|Win32
		{FFB44B6B-354C-4707-ACE6-DBF6F3DF162A}.Release|Win32.ActiveCfg = Release|Win32
		{FFB44B6B-354C-4707-ACE6-DBF6F3DF162A}.Release|Win32.Build.0 = Release|Win32
		{5F4E55E8-ADAE-4C2F-95B3-C89593868C50}.Debug|Win32.ActiveCfg = Debug|Win32
		{5F4E55E8-ADAE-4C2F-95B3-C89593868C50}.Debug|Win32.Build.0 = Debug|Win32
		{5F4E55E8-ADAE-4C2F-95B3-C89593868C50}.Release|Win32.ActiveCfg = Release|Win32
		{5F4E55E8-ADAE-4C2F-95B3-C89593868C50}.Release|Win32.Build.0 = Release|Win32
		{E9E5CB37-D713-4DCC-90F9-DC234709E71A}.Debug|Win32.ActiveCfg = Debug|Win32
		{E9E5CB37-D713-4DCC-90F9-DC234709E71A}.Debug|Win32.Build.0 = Debug|Win32
		{E9E5CB37-D713-4DCC-90F9-DC234709E71A}.Release|Win32.ActiveCfg = Release|Win32
		{E9E5CB37-D713-4DCC-90F9-DC234709E71A}.Release|Win32.Build.0 = Release|Win32
		{41322836-102E-4835-9582-16C3BF228CC3}.Debug|Win32.ActiveCfg = Debug|Win32
		{41322836-102E-4835-9582-16C3BF228CC3}.Debug|Win32.Build.0 = Debug|Win32
		{41322836-102E-4835-9582-16C3BF228CC3}.Release|Win32.ActiveCfg = Release|Win32
		{41322836-102E-4835-9582-16C3BF228CC3}.Release|Win32.Build.0 = Release|Win32
		{9946F375-E062-4C4D-A7BF-2E613FD3364E}.Debug|Win32.ActiveCfg = Debug|Win32
		{9946F375-E062-4C4D-A7BF-2E613FD3364E}.Debug|Win32.Build.0 = Debug|Win32
		{9946F375-E062-4C4D-A7BF-2E613FD3364E}.Release|Win32.ActiveCfg = Release|Win32
		{9946F375-E062-4C4D-A7BF-2E613FD3364E}.Release|Win32.Build.0 = Release|Win32
		{EE17BA64-2B46-4722-A214-97350527DB09}.Debug|Win32.ActiveCfg = Debug|Win32
		{EE17BA64-2B46-4722-A214-97350527DB09}.Debug|Win32.Build.0 = Debug|Win32
		{EE17BA64-2B46-4722-A214-97350527DB09}.Release|Win32.ActiveCfg = Release|Win32
		{EE17BA64-2B46-4722-A214-97350527DB09}.Release|Win32.Build.0 = Release|Win32
		{9EE9DB1E-8E38-4049-97C9-3171D966C795}.Debug|Win32.ActiveCfg = Debug|Win32
		{9EE9DB1E-8E38-4049-97C9-3171D966C795}.Debug|Win32.Build.0 = Debug|Win32
		{9EE9DB1E-8E38-4049-97C9-3171D966C795}.Release|Win32.ActiveCfg = Release|Win32
		{9EE9DB1E-8E38-4049-97C9-3171D966C795}.Release|Win32.Build.0 = Release|Win32
		{5FB9E339-5D70-4510-9C08-F1E5D0C2BE15}.Debug|Win32.ActiveCfg = Debug|Win32
		{5FB9E339-5D70-4510-9C08-F1E5D0C2BE15}.Debug|Win32.Build.0 = Debug|Win32
		{5FB9E339-5D70-4510-9C08-F1E5D0C2BE15}.Release|Win32.ActiveCfg = Release|Win32
		{5FB9E339-5D70-4510-9C08-F1E5D0C2BE15}.Release|Win32.Build.0 = Release|Win32
	EndGlobalSection
	GlobalSection(SolutionProperties) = preSolution
		HideSolutionNode = FALSE
	EndGlobalSection
EndGlobal
